// !$*UTF8*$!
{
	archiveVersion = 1;
	classes = {
	};
	objectVersion = 55;
	objects = {

/* Begin PBXBuildFile section */
		FAB155452819D1F8007C86E0 /* SpicetifyPseudonativeApp.swift in Sources */ = {isa = PBXBuildFile; fileRef = FAB155442819D1F8007C86E0 /* SpicetifyPseudonativeApp.swift */; };
		FAB155472819D1F8007C86E0 /* ContentView.swift in Sources */ = {isa = PBXBuildFile; fileRef = FAB155462819D1F8007C86E0 /* ContentView.swift */; };
		FAB155492819D1F8007C86E0 /* Assets.xcassets in Resources */ = {isa = PBXBuildFile; fileRef = FAB155482819D1F8007C86E0 /* Assets.xcassets */; };
		FAB1554C2819D1F8007C86E0 /* Preview Assets.xcassets in Resources */ = {isa = PBXBuildFile; fileRef = FAB1554B2819D1F8007C86E0 /* Preview Assets.xcassets */; };
		FAB155542819D220007C86E0 /* Colors.swift in Sources */ = {isa = PBXBuildFile; fileRef = FAB155532819D220007C86E0 /* Colors.swift */; };
/* End PBXBuildFile section */

/* Begin PBXFileReference section */
		FAB155412819D1F8007C86E0 /* SpicetifyPseudonative.app */ = {isa = PBXFileReference; explicitFileType = wrapper.application; includeInIndex = 0; path = SpicetifyPseudonative.app; sourceTree = BUILT_PRODUCTS_DIR; };
		FAB155442819D1F8007C86E0 /* SpicetifyPseudonativeApp.swift */ = {isa = PBXFileReference; lastKnownFileType = sourcecode.swift; path = SpicetifyPseudonativeApp.swift; sourceTree = "<group>"; };
		FAB155462819D1F8007C86E0 /* ContentView.swift */ = {isa = PBXFileReference; lastKnownFileType = sourcecode.swift; path = ContentView.swift; sourceTree = "<group>"; };
		FAB155482819D1F8007C86E0 /* Assets.xcassets */ = {isa = PBXFileReference; lastKnownFileType = folder.assetcatalog; path = Assets.xcassets; sourceTree = "<group>"; };
		FAB1554B2819D1F8007C86E0 /* Preview Assets.xcassets */ = {isa = PBXFileReference; lastKnownFileType = folder.assetcatalog; path = "Preview Assets.xcassets"; sourceTree = "<group>"; };
		FAB1554D2819D1F8007C86E0 /* SpicetifyPseudonative.entitlements */ = {isa = PBXFileReference; lastKnownFileType = text.plist.entitlements; path = SpicetifyPseudonative.entitlements; sourceTree = "<group>"; };
		FAB155532819D220007C86E0 /* Colors.swift */ = {isa = PBXFileReference; lastKnownFileType = sourcecode.swift; path = Colors.swift; sourceTree = "<group>"; };
/* End PBXFileReference section */

/* Begin PBXFrameworksBuildPhase section */
		FAB1553E2819D1F8007C86E0 /* Frameworks */ = {
			isa = PBXFrameworksBuildPhase;
			buildActionMask = 2147483647;
			files = (
			);
			runOnlyForDeploymentPostprocessing = 0;
		};
/* End PBXFrameworksBuildPhase section */

/* Begin PBXGroup section */
		FAB155382819D1F8007C86E0 = {
			isa = PBXGroup;
			children = (
				FAB155432819D1F8007C86E0 /* SpicetifyPseudonative */,
				FAB155422819D1F8007C86E0 /* Products */,
			);
			sourceTree = "<group>";
		};
		FAB155422819D1F8007C86E0 /* Products */ = {
			isa = PBXGroup;
			children = (
				FAB155412819D1F8007C86E0 /* SpicetifyPseudonative.app */,
			);
			name = Products;
			sourceTree = "<group>";
		};
		FAB155432819D1F8007C86E0 /* SpicetifyPseudonative */ = {
			isa = PBXGroup;
			children = (
				FAB155442819D1F8007C86E0 /* SpicetifyPseudonativeApp.swift */,
				FAB155462819D1F8007C86E0 /* ContentView.swift */,
				FAB155482819D1F8007C86E0 /* Assets.xcassets */,
				FAB1554D2819D1F8007C86E0 /* SpicetifyPseudonative.entitlements */,
				FAB1554A2819D1F8007C86E0 /* Preview Content */,
				FAB155532819D220007C86E0 /* Colors.swift */,
			);
			path = SpicetifyPseudonative;
			sourceTree = "<group>";
		};
		FAB1554A2819D1F8007C86E0 /* Preview Content */ = {
			isa = PBXGroup;
			children = (
				FAB1554B2819D1F8007C86E0 /* Preview Assets.xcassets */,
			);
			path = "Preview Content";
			sourceTree = "<group>";
		};
/* End PBXGroup section */

/* Begin PBXNativeTarget section */
		FAB155402819D1F8007C86E0 /* SpicetifyPseudonative */ = {
			isa = PBXNativeTarget;
			buildConfigurationList = FAB155502819D1F8007C86E0 /* Build configuration list for PBXNativeTarget "SpicetifyPseudonative" */;
			buildPhases = (
				FAB1553D2819D1F8007C86E0 /* Sources */,
				FAB1553E2819D1F8007C86E0 /* Frameworks */,
				FAB1553F2819D1F8007C86E0 /* Resources */,
			);
			buildRules = (
			);
			dependencies = (
			);
			name = SpicetifyPseudonative;
			productName = SpicetifyPseudonative;
			productReference = FAB155412819D1F8007C86E0 /* SpicetifyPseudonative.app */;
			productType = "com.apple.product-type.application";
		};
/* End PBXNativeTarget section */

/* Begin PBXProject section */
		FAB155392819D1F8007C86E0 /* Project object */ = {
			isa = PBXProject;
			attributes = {
				BuildIndependentTargetsInParallel = 1;
				LastSwiftUpdateCheck = 1330;
				LastUpgradeCheck = 1330;
				TargetAttributes = {
					FAB155402819D1F8007C86E0 = {
						CreatedOnToolsVersion = 13.3.1;
					};
				};
			};
			buildConfigurationList = FAB1553C2819D1F8007C86E0 /* Build configuration list for PBXProject "SpicetifyPseudonative" */;
			compatibilityVersion = "Xcode 13.0";
			developmentRegion = en;
			hasScannedForEncodings = 0;
			knownRegions = (
				en,
				Base,
			);
			mainGroup = FAB155382819D1F8007C86E0;
			productRefGroup = FAB155422819D1F8007C86E0 /* Products */;
			projectDirPath = "";
			projectRoot = "";
			targets = (
				FAB155402819D1F8007C86E0 /* SpicetifyPseudonative */,
			);
		};
/* End PBXProject section */

/* Begin PBXResourcesBuildPhase section */
		FAB1553F2819D1F8007C86E0 /* Resources */ = {
			isa = PBXResourcesBuildPhase;
			buildActionMask = 2147483647;
			files = (
				FAB1554C2819D1F8007C86E0 /* Preview Assets.xcassets in Resources */,
				FAB155492819D1F8007C86E0 /* Assets.xcassets in Resources */,
			);
			runOnlyForDeploymentPostprocessing = 0;
		};
/* End PBXResourcesBuildPhase section */

/* Begin PBXSourcesBuildPhase section */
		FAB1553D2819D1F8007C86E0 /* Sources */ = {
			isa = PBXSourcesBuildPhase;
			buildActionMask = 2147483647;
			files = (
				FAB155472819D1F8007C86E0 /* ContentView.swift in Sources */,
				FAB155542819D220007C86E0 /* Colors.swift in Sources */,
				FAB155452819D1F8007C86E0 /* SpicetifyPseudonativeApp.swift in Sources */,
			);
			runOnlyForDeploymentPostprocessing = 0;
		};
/* End PBXSourcesBuildPhase section */

/* Begin XCBuildConfiguration section */
		FAB1554E2819D1F8007C86E0 /* Debug */ = {
			isa = XCBuildConfiguration;
			buildSettings = {
				ALWAYS_SEARCH_USER_PATHS = NO;
				CLANG_ANALYZER_NONNULL = YES;
				CLANG_ANALYZER_NUMBER_OBJECT_CONVERSION = YES_AGGRESSIVE;
				CLANG_CXX_LANGUAGE_STANDARD = "gnu++17";
				CLANG_ENABLE_MODULES = YES;
				CLANG_ENABLE_OBJC_ARC = YES;
				CLANG_ENABLE_OBJC_WEAK = YES;
				CLANG_WARN_BLOCK_CAPTURE_AUTORELEASING = YES;
				CLANG_WARN_BOOL_CONVERSION = YES;
				CLANG_WARN_COMMA = YES;
				CLANG_WARN_CONSTANT_CONVERSION = YES;
				CLANG_WARN_DEPRECATED_OBJC_IMPLEMENTATIONS = YES;
				CLANG_WARN_DIRECT_OBJC_ISA_USAGE = YES_ERROR;
				CLANG_WARN_DOCUMENTATION_COMMENTS = YES;
				CLANG_WARN_EMPTY_BODY = YES;
				CLANG_WARN_ENUM_CONVERSION = YES;
				CLANG_WARN_INFINITE_RECURSION = YES;
				CLANG_WARN_INT_CONVERSION = YES;
				CLANG_WARN_NON_LITERAL_NULL_CONVERSION = YES;
				CLANG_WARN_OBJC_IMPLICIT_RETAIN_SELF = YES;
				CLANG_WARN_OBJC_LITERAL_CONVERSION = YES;
				CLANG_WARN_OBJC_ROOT_CLASS = YES_ERROR;
				CLANG_WARN_QUOTED_INCLUDE_IN_FRAMEWORK_HEADER = YES;
				CLANG_WARN_RANGE_LOOP_ANALYSIS = YES;
				CLANG_WARN_STRICT_PROTOTYPES = YES;
				CLANG_WARN_SUSPICIOUS_MOVE = YES;
				CLANG_WARN_UNGUARDED_AVAILABILITY = YES_AGGRESSIVE;
				CLANG_WARN_UNREACHABLE_CODE = YES;
				CLANG_WARN__DUPLICATE_METHOD_MATCH = YES;
				COPY_PHASE_STRIP = NO;
				DEBUG_INFORMATION_FORMAT = dwarf;
				ENABLE_STRICT_OBJC_MSGSEND = YES;
				ENABLE_TESTABILITY = YES;
				GCC_C_LANGUAGE_STANDARD = gnu11;
				GCC_DYNAMIC_NO_PIC = NO;
				GCC_NO_COMMON_BLOCKS = YES;
				GCC_OPTIMIZATION_LEVEL = 0;
				GCC_PREPROCESSOR_DEFINITIONS = (
					"DEBUG=1",
					"$(inherited)",
				);
				GCC_WARN_64_TO_32_BIT_CONVERSION = YES;
				GCC_WARN_ABOUT_RETURN_TYPE = YES_ERROR;
				GCC_WARN_UNDECLARED_SELECTOR = YES;
				GCC_WARN_UNINITIALIZED_AUTOS = YES_AGGRESSIVE;
				GCC_WARN_UNUSED_FUNCTION = YES;
				GCC_WARN_UNUSED_VARIABLE = YES;
				MACOSX_DEPLOYMENT_TARGET = 12.3;
				MTL_ENABLE_DEBUG_INFO = INCLUDE_SOURCE;
				MTL_FAST_MATH = YES;
				ONLY_ACTIVE_ARCH = YES;
				SDKROOT = macosx;
				SWIFT_ACTIVE_COMPILATION_CONDITIONS = DEBUG;
				SWIFT_OPTIMIZATION_LEVEL = "-Onone";
			};
			name = Debug;
		};
		FAB1554F2819D1F8007C86E0 /* Release */ = {
			isa = XCBuildConfiguration;
			buildSettings = {
				ALWAYS_SEARCH_USER_PATHS = NO;
				CLANG_ANALYZER_NONNULL = YES;
				CLANG_ANALYZER_NUMBER_OBJECT_CONVERSION = YES_AGGRESSIVE;
				CLANG_CXX_LANGUAGE_STANDARD = "gnu++17";
				CLANG_ENABLE_MODULES = YES;
				CLANG_ENABLE_OBJC_ARC = YES;
				CLANG_ENABLE_OBJC_WEAK = YES;
				CLANG_WARN_BLOCK_CAPTURE_AUTORELEASING = YES;
				CLANG_WARN_BOOL_CONVERSION = YES;
				CLANG_WARN_COMMA = YES;
				CLANG_WARN_CONSTANT_CONVERSION = YES;
				CLANG_WARN_DEPRECATED_OBJC_IMPLEMENTATIONS = YES;
				CLANG_WARN_DIRECT_OBJC_ISA_USAGE = YES_ERROR;
				CLANG_WARN_DOCUMENTATION_COMMENTS = YES;
				CLANG_WARN_EMPTY_BODY = YES;
				CLANG_WARN_ENUM_CONVERSION = YES;
				CLANG_WARN_INFINITE_RECURSION = YES;
				CLANG_WARN_INT_CONVERSION = YES;
				CLANG_WARN_NON_LITERAL_NULL_CONVERSION = YES;
				CLANG_WARN_OBJC_IMPLICIT_RETAIN_SELF = YES;
				CLANG_WARN_OBJC_LITERAL_CONVERSION = YES;
				CLANG_WARN_OBJC_ROOT_CLASS = YES_ERROR;
				CLANG_WARN_QUOTED_INCLUDE_IN_FRAMEWORK_HEADER = YES;
				CLANG_WARN_RANGE_LOOP_ANALYSIS = YES;
				CLANG_WARN_STRICT_PROTOTYPES = YES;
				CLANG_WARN_SUSPICIOUS_MOVE = YES;
				CLANG_WARN_UNGUARDED_AVAILABILITY = YES_AGGRESSIVE;
				CLANG_WARN_UNREACHABLE_CODE = YES;
				CLANG_WARN__DUPLICATE_METHOD_MATCH = YES;
				COPY_PHASE_STRIP = NO;
				DEBUG_INFORMATION_FORMAT = "dwarf-with-dsym";
				ENABLE_NS_ASSERTIONS = NO;
				ENABLE_STRICT_OBJC_MSGSEND = YES;
				GCC_C_LANGUAGE_STANDARD = gnu11;
				GCC_NO_COMMON_BLOCKS = YES;
				GCC_WARN_64_TO_32_BIT_CONVERSION = YES;
				GCC_WARN_ABOUT_RETURN_TYPE = YES_ERROR;
				GCC_WARN_UNDECLARED_SELECTOR = YES;
				GCC_WARN_UNINITIALIZED_AUTOS = YES_AGGRESSIVE;
				GCC_WARN_UNUSED_FUNCTION = YES;
				GCC_WARN_UNUSED_VARIABLE = YES;
				MACOSX_DEPLOYMENT_TARGET = 12.3;
				MTL_ENABLE_DEBUG_INFO = NO;
				MTL_FAST_MATH = YES;
				SDKROOT = macosx;
				SWIFT_COMPILATION_MODE = wholemodule;
				SWIFT_OPTIMIZATION_LEVEL = "-O";
			};
			name = Release;
		};
		FAB155512819D1F8007C86E0 /* Debug */ = {
			isa = XCBuildConfiguration;
			buildSettings = {
				ASSETCATALOG_COMPILER_APPICON_NAME = AppIcon;
				ASSETCATALOG_COMPILER_GLOBAL_ACCENT_COLOR_NAME = AccentColor;
				CODE_SIGN_ENTITLEMENTS = SpicetifyPseudonative/SpicetifyPseudonative.entitlements;
				CODE_SIGN_STYLE = Automatic;
				COMBINE_HIDPI_IMAGES = YES;
				CURRENT_PROJECT_VERSION = 1;
				DEVELOPMENT_ASSET_PATHS = "\"SpicetifyPseudonative/Preview Content\"";
				ENABLE_PREVIEWS = YES;
				GENERATE_INFOPLIST_FILE = YES;
				INFOPLIST_KEY_NSHumanReadableCopyright = "";
				LD_RUNPATH_SEARCH_PATHS = (
					"$(inherited)",
					"@executable_path/../Frameworks",
				);
				MARKETING_VERSION = 1.0;
				PRODUCT_BUNDLE_IDENTIFIER = vanyauhalin.SpicetifyPseudonative;
				PRODUCT_NAME = "$(TARGET_NAME)";
				SWIFT_EMIT_LOC_STRINGS = YES;
				SWIFT_VERSION = 5.0;
			};
			name = Debug;
		};
		FAB155522819D1F8007C86E0 /* Release */ = {
			isa = XCBuildConfiguration;
			buildSettings = {
				ASSETCATALOG_COMPILER_APPICON_NAME = AppIcon;
				ASSETCATALOG_COMPILER_GLOBAL_ACCENT_COLOR_NAME = AccentColor;
				CODE_SIGN_ENTITLEMENTS = SpicetifyPseudonative/SpicetifyPseudonative.entitlements;
				CODE_SIGN_STYLE = Automatic;
				COMBINE_HIDPI_IMAGES = YES;
				CURRENT_PROJECT_VERSION = 1;
				DEVELOPMENT_ASSET_PATHS = "\"SpicetifyPseudonative/Preview Content\"";
				ENABLE_PREVIEWS = YES;
				GENERATE_INFOPLIST_FILE = YES;
				INFOPLIST_KEY_NSHumanReadableCopyright = "";
				LD_RUNPATH_SEARCH_PATHS = (
					"$(inherited)",
					"@executable_path/../Frameworks",
				);
				MARKETING_VERSION = 1.0;
				PRODUCT_BUNDLE_IDENTIFIER = vanyauhalin.SpicetifyPseudonative;
				PRODUCT_NAME = "$(TARGET_NAME)";
				SWIFT_EMIT_LOC_STRINGS = YES;
				SWIFT_VERSION = 5.0;
			};
			name = Release;
		};
/* End XCBuildConfiguration section */

/* Begin XCConfigurationList section */
		FAB1553C2819D1F8007C86E0 /* Build configuration list for PBXProject "SpicetifyPseudonative" */ = {
			isa = XCConfigurationList;
			buildConfigurations = (
				FAB1554E2819D1F8007C86E0 /* Debug */,
				FAB1554F2819D1F8007C86E0 /* Release */,
			);
			defaultConfigurationIsVisible = 0;
			defaultConfigurationName = Release;
		};
		FAB155502819D1F8007C86E0 /* Build configuration list for PBXNativeTarget "SpicetifyPseudonative" */ = {
			isa = XCConfigurationList;
			buildConfigurations = (
				FAB155512819D1F8007C86E0 /* Debug */,
				FAB155522819D1F8007C86E0 /* Release */,
			);
			defaultConfigurationIsVisible = 0;
			defaultConfigurationName = Release;
		};
/* End XCConfigurationList section */
	};
	rootObject = FAB155392819D1F8007C86E0 /* Project object */;
}
